
Microsoft Visual Studio Solution File, Format Version 12.00
# Visual Studio Version 16
VisualStudioVersion = 16.0.31025.194
MinimumVisualStudioVersion = 10.0.40219.1
Project("{9A19103F-16F7-4668-BE54-9A1E7A4F7556}") = "msi", "msi\msi.csproj", "{159F7358-B74B-483B-BEC7-468558AC251B}"
EndProject
Project("{9A19103F-16F7-4668-BE54-9A1E7A4F7556}") = "FuzzySetLib", "FuzzySetLib\FuzzySetLib.csproj", "{0AFB7CF1-78E8-443F-8B86-F2AD75FB05A4}"
EndProject
Project("{9A19103F-16F7-4668-BE54-9A1E7A4F7556}") = "FuzzySetLibTests", "FuzzySetLibTests\FuzzySetLibTests.csproj", "{9E8D54CC-74B2-480D-8FE8-7EA581D17393}"
EndProject
Global
	GlobalSection(SolutionConfigurationPlatforms) = preSolution
		Debug|Any CPU = Debug|Any CPU
		Release|Any CPU = Release|Any CPU
	EndGlobalSection
	GlobalSection(ProjectConfigurationPlatforms) = postSolution
		{159F7358-B74B-483B-BEC7-468558AC251B}.Debug|Any CPU.ActiveCfg = Debug|Any CPU
		{159F7358-B74B-483B-BEC7-468558AC251B}.Debug|Any CPU.Build.0 = Debug|Any CPU
		{159F7358-B74B-483B-BEC7-468558AC251B}.Release|Any CPU.ActiveCfg = Release|Any CPU
		{159F7358-B74B-483B-BEC7-468558AC251B}.Release|Any CPU.Build.0 = Release|Any CPU
		{0AFB7CF1-78E8-443F-8B86-F2AD75FB05A4}.Debug|Any CPU.ActiveCfg = Debug|Any CPU
		{0AFB7CF1-78E8-443F-8B86-F2AD75FB05A4}.Debug|Any CPU.Build.0 = Debug|Any CPU
		{0AFB7CF1-78E8-443F-8B86-F2AD75FB05A4}.Release|Any CPU.ActiveCfg = Release|Any CPU
		{0AFB7CF1-78E8-443F-8B86-F2AD75FB05A4}.Release|Any CPU.Build.0 = Release|Any CPU
		{9E8D54CC-74B2-480D-8FE8-7EA581D17393}.Debug|Any CPU.ActiveCfg = Debug|Any CPU
		{9E8D54CC-74B2-480D-8FE8-7EA581D17393}.Debug|Any CPU.Build.0 = Debug|Any CPU
		{9E8D54CC-74B2-480D-8FE8-7EA581D17393}.Release|Any CPU.ActiveCfg = Release|Any CPU
		{9E8D54CC-74B2-480D-8FE8-7EA581D17393}.Release|Any CPU.Build.0 = Release|Any CPU
	EndGlobalSection
	GlobalSection(SolutionProperties) = preSolution
		HideSolutionNode = FALSE
	EndGlobalSection
	GlobalSection(ExtensibilityGlobals) = postSolution
		SolutionGuid = {10D654F8-A7BB-4C3B-856F-91A63C48CF10}
	EndGlobalSection
EndGlobal
